// !$*UTF8*$!
{
	archiveVersion = 1;
	classes = {
	};
	objectVersion = 56;
	objects = {

/* Begin PBXBuildFile section */
		20E1D3942AEB71E700D7A5F8 /* Exercise7_Movva_SanjanaApp.swift in Sources */ = {isa = PBXBuildFile; fileRef = 20E1D3932AEB71E700D7A5F8 /* Exercise7_Movva_SanjanaApp.swift */; };
		20E1D3962AEB71E700D7A5F8 /* ContentView.swift in Sources */ = {isa = PBXBuildFile; fileRef = 20E1D3952AEB71E700D7A5F8 /* ContentView.swift */; };
		20E1D3982AEB71E900D7A5F8 /* Assets.xcassets in Resources */ = {isa = PBXBuildFile; fileRef = 20E1D3972AEB71E900D7A5F8 /* Assets.xcassets */; };
		20E1D39B2AEB71E900D7A5F8 /* Preview Assets.xcassets in Resources */ = {isa = PBXBuildFile; fileRef = 20E1D39A2AEB71E900D7A5F8 /* Preview Assets.xcassets */; };
		20E1D3A12AEB71E900D7A5F8 /* Exercise7_Movva_Sanjana Watch App.app in Embed Watch Content */ = {isa = PBXBuildFile; fileRef = 20E1D3A02AEB71E900D7A5F8 /* Exercise7_Movva_Sanjana Watch App.app */; settings = {ATTRIBUTES = (RemoveHeadersOnCopy, ); }; };
		20E1D3A62AEB71E900D7A5F8 /* Exercise7_Movva_SanjanaApp.swift in Sources */ = {isa = PBXBuildFile; fileRef = 20E1D3A52AEB71E900D7A5F8 /* Exercise7_Movva_SanjanaApp.swift */; };
		20E1D3A82AEB71E900D7A5F8 /* ContentView.swift in Sources */ = {isa = PBXBuildFile; fileRef = 20E1D3A72AEB71E900D7A5F8 /* ContentView.swift */; };
		20E1D3AA2AEB71E900D7A5F8 /* Assets.xcassets in Resources */ = {isa = PBXBuildFile; fileRef = 20E1D3A92AEB71E900D7A5F8 /* Assets.xcassets */; };
		20E1D3AD2AEB71E900D7A5F8 /* Preview Assets.xcassets in Resources */ = {isa = PBXBuildFile; fileRef = 20E1D3AC2AEB71E900D7A5F8 /* Preview Assets.xcassets */; };
/* End PBXBuildFile section */

/* Begin PBXContainerItemProxy section */
		20E1D3A22AEB71E900D7A5F8 /* PBXContainerItemProxy */ = {
			isa = PBXContainerItemProxy;
			containerPortal = 20E1D3882AEB71E700D7A5F8 /* Project object */;
			proxyType = 1;
			remoteGlobalIDString = 20E1D39F2AEB71E900D7A5F8;
			remoteInfo = "Exercise7_Movva_Sanjana Watch App";
		};
/* End PBXContainerItemProxy section */

/* Begin PBXCopyFilesBuildPhase section */
		20E1D3B32AEB71E900D7A5F8 /* Embed Watch Content */ = {
			isa = PBXCopyFilesBuildPhase;
			buildActionMask = 2147483647;
			dstPath = "$(CONTENTS_FOLDER_PATH)/Watch";
			dstSubfolderSpec = 16;
			files = (
				20E1D3A12AEB71E900D7A5F8 /* Exercise7_Movva_Sanjana Watch App.app in Embed Watch Content */,
			);
			name = "Embed Watch Content";
			runOnlyForDeploymentPostprocessing = 0;
		};
/* End PBXCopyFilesBuildPhase section */

/* Begin PBXFileReference section */
		20E1D3902AEB71E700D7A5F8 /* Exercise7_Movva_Sanjana.app */ = {isa = PBXFileReference; explicitFileType = wrapper.application; includeInIndex = 0; path = Exercise7_Movva_Sanjana.app; sourceTree = BUILT_PRODUCTS_DIR; };
		20E1D3932AEB71E700D7A5F8 /* Exercise7_Movva_SanjanaApp.swift */ = {isa = PBXFileReference; lastKnownFileType = sourcecode.swift; path = Exercise7_Movva_SanjanaApp.swift; sourceTree = "<group>"; };
		20E1D3952AEB71E700D7A5F8 /* ContentView.swift */ = {isa = PBXFileReference; lastKnownFileType = sourcecode.swift; path = ContentView.swift; sourceTree = "<group>"; };
		20E1D3972AEB71E900D7A5F8 /* Assets.xcassets */ = {isa = PBXFileReference; lastKnownFileType = folder.assetcatalog; path = Assets.xcassets; sourceTree = "<group>"; };
		20E1D39A2AEB71E900D7A5F8 /* Preview Assets.xcassets */ = {isa = PBXFileReference; lastKnownFileType = folder.assetcatalog; path = "Preview Assets.xcassets"; sourceTree = "<group>"; };
		20E1D3A02AEB71E900D7A5F8 /* Exercise7_Movva_Sanjana Watch App.app */ = {isa = PBXFileReference; explicitFileType = wrapper.application; includeInIndex = 0; path = "Exercise7_Movva_Sanjana Watch App.app"; sourceTree = BUILT_PRODUCTS_DIR; };
		20E1D3A52AEB71E900D7A5F8 /* Exercise7_Movva_SanjanaApp.swift */ = {isa = PBXFileReference; lastKnownFileType = sourcecode.swift; path = Exercise7_Movva_SanjanaApp.swift; sourceTree = "<group>"; };
		20E1D3A72AEB71E900D7A5F8 /* ContentView.swift */ = {isa = PBXFileReference; lastKnownFileType = sourcecode.swift; path = ContentView.swift; sourceTree = "<group>"; };
		20E1D3A92AEB71E900D7A5F8 /* Assets.xcassets */ = {isa = PBXFileReference; lastKnownFileType = folder.assetcatalog; path = Assets.xcassets; sourceTree = "<group>"; };
		20E1D3AC2AEB71E900D7A5F8 /* Preview Assets.xcassets */ = {isa = PBXFileReference; lastKnownFileType = folder.assetcatalog; path = "Preview Assets.xcassets"; sourceTree = "<group>"; };
/* End PBXFileReference section */

/* Begin PBXFrameworksBuildPhase section */
		20E1D38D2AEB71E700D7A5F8 /* Frameworks */ = {
			isa = PBXFrameworksBuildPhase;
			buildActionMask = 2147483647;
			files = (
			);
			runOnlyForDeploymentPostprocessing = 0;
		};
		20E1D39D2AEB71E900D7A5F8 /* Frameworks */ = {
			isa = PBXFrameworksBuildPhase;
			buildActionMask = 2147483647;
			files = (
			);
			runOnlyForDeploymentPostprocessing = 0;
		};
/* End PBXFrameworksBuildPhase section */

/* Begin PBXGroup section */
		20E1D3872AEB71E700D7A5F8 = {
			isa = PBXGroup;
			children = (
				20E1D3922AEB71E700D7A5F8 /* Exercise7_Movva_Sanjana */,
				20E1D3A42AEB71E900D7A5F8 /* Exercise7_Movva_Sanjana Watch App */,
				20E1D3912AEB71E700D7A5F8 /* Products */,
			);
			sourceTree = "<group>";
		};
		20E1D3912AEB71E700D7A5F8 /* Products */ = {
			isa = PBXGroup;
			children = (
				20E1D3902AEB71E700D7A5F8 /* Exercise7_Movva_Sanjana.app */,
				20E1D3A02AEB71E900D7A5F8 /* Exercise7_Movva_Sanjana Watch App.app */,
			);
			name = Products;
			sourceTree = "<group>";
		};
		20E1D3922AEB71E700D7A5F8 /* Exercise7_Movva_Sanjana */ = {
			isa = PBXGroup;
			children = (
				20E1D3932AEB71E700D7A5F8 /* Exercise7_Movva_SanjanaApp.swift */,
				20E1D3952AEB71E700D7A5F8 /* ContentView.swift */,
				20E1D3972AEB71E900D7A5F8 /* Assets.xcassets */,
				20E1D3992AEB71E900D7A5F8 /* Preview Content */,
			);
			path = Exercise7_Movva_Sanjana;
			sourceTree = "<group>";
		};
		20E1D3992AEB71E900D7A5F8 /* Preview Content */ = {
			isa = PBXGroup;
			children = (
				20E1D39A2AEB71E900D7A5F8 /* Preview Assets.xcassets */,
			);
			path = "Preview Content";
			sourceTree = "<group>";
		};
		20E1D3A42AEB71E900D7A5F8 /* Exercise7_Movva_Sanjana Watch App */ = {
			isa = PBXGroup;
			children = (
				20E1D3A52AEB71E900D7A5F8 /* Exercise7_Movva_SanjanaApp.swift */,
				20E1D3A72AEB71E900D7A5F8 /* ContentView.swift */,
				20E1D3A92AEB71E900D7A5F8 /* Assets.xcassets */,
				20E1D3AB2AEB71E900D7A5F8 /* Preview Content */,
			);
			path = "Exercise7_Movva_Sanjana Watch App";
			sourceTree = "<group>";
		};
		20E1D3AB2AEB71E900D7A5F8 /* Preview Content */ = {
			isa = PBXGroup;
			children = (
				20E1D3AC2AEB71E900D7A5F8 /* Preview Assets.xcassets */,
			);
			path = "Preview Content";
			sourceTree = "<group>";
		};
/* End PBXGroup section */

/* Begin PBXNativeTarget section */
		20E1D38F2AEB71E700D7A5F8 /* Exercise7_Movva_Sanjana */ = {
			isa = PBXNativeTarget;
			buildConfigurationList = 20E1D3B42AEB71E900D7A5F8 /* Build configuration list for PBXNativeTarget "Exercise7_Movva_Sanjana" */;
			buildPhases = (
				20E1D38C2AEB71E700D7A5F8 /* Sources */,
				20E1D38D2AEB71E700D7A5F8 /* Frameworks */,
				20E1D38E2AEB71E700D7A5F8 /* Resources */,
				20E1D3B32AEB71E900D7A5F8 /* Embed Watch Content */,
			);
			buildRules = (
			);
			dependencies = (
				20E1D3A32AEB71E900D7A5F8 /* PBXTargetDependency */,
			);
			name = Exercise7_Movva_Sanjana;
			productName = Exercise7_Movva_Sanjana;
			productReference = 20E1D3902AEB71E700D7A5F8 /* Exercise7_Movva_Sanjana.app */;
			productType = "com.apple.product-type.application";
		};
		20E1D39F2AEB71E900D7A5F8 /* Exercise7_Movva_Sanjana Watch App */ = {
			isa = PBXNativeTarget;
			buildConfigurationList = 20E1D3B02AEB71E900D7A5F8 /* Build configuration list for PBXNativeTarget "Exercise7_Movva_Sanjana Watch App" */;
			buildPhases = (
				20E1D39C2AEB71E900D7A5F8 /* Sources */,
				20E1D39D2AEB71E900D7A5F8 /* Frameworks */,
				20E1D39E2AEB71E900D7A5F8 /* Resources */,
			);
			buildRules = (
			);
			dependencies = (
			);
			name = "Exercise7_Movva_Sanjana Watch App";
			productName = "Exercise7_Movva_Sanjana Watch App";
			productReference = 20E1D3A02AEB71E900D7A5F8 /* Exercise7_Movva_Sanjana Watch App.app */;
			productType = "com.apple.product-type.application";
		};
/* End PBXNativeTarget section */

/* Begin PBXProject section */
		20E1D3882AEB71E700D7A5F8 /* Project object */ = {
			isa = PBXProject;
			attributes = {
				BuildIndependentTargetsInParallel = 1;
				LastSwiftUpdateCheck = 1500;
				LastUpgradeCheck = 1500;
				TargetAttributes = {
					20E1D38F2AEB71E700D7A5F8 = {
						CreatedOnToolsVersion = 15.0;
					};
					20E1D39F2AEB71E900D7A5F8 = {
						CreatedOnToolsVersion = 15.0;
					};
				};
			};
			buildConfigurationList = 20E1D38B2AEB71E700D7A5F8 /* Build configuration list for PBXProject "Exercise7_Movva_Sanjana" */;
			compatibilityVersion = "Xcode 14.0";
			developmentRegion = en;
			hasScannedForEncodings = 0;
			knownRegions = (
				en,
				Base,
			);
			mainGroup = 20E1D3872AEB71E700D7A5F8;
			productRefGroup = 20E1D3912AEB71E700D7A5F8 /* Products */;
			projectDirPath = "";
			projectRoot = "";
			targets = (
				20E1D38F2AEB71E700D7A5F8 /* Exercise7_Movva_Sanjana */,
				20E1D39F2AEB71E900D7A5F8 /* Exercise7_Movva_Sanjana Watch App */,
			);
		};
/* End PBXProject section */

/* Begin PBXResourcesBuildPhase section */
		20E1D38E2AEB71E700D7A5F8 /* Resources */ = {
			isa = PBXResourcesBuildPhase;
			buildActionMask = 2147483647;
			files = (
				20E1D39B2AEB71E900D7A5F8 /* Preview Assets.xcassets in Resources */,
				20E1D3982AEB71E900D7A5F8 /* Assets.xcassets in Resources */,
			);
			runOnlyForDeploymentPostprocessing = 0;
		};
		20E1D39E2AEB71E900D7A5F8 /* Resources */ = {
			isa = PBXResourcesBuildPhase;
			buildActionMask = 2147483647;
			files = (
				20E1D3AD2AEB71E900D7A5F8 /* Preview Assets.xcassets in Resources */,
				20E1D3AA2AEB71E900D7A5F8 /* Assets.xcassets in Resources */,
			);
			runOnlyForDeploymentPostprocessing = 0;
		};
/* End PBXResourcesBuildPhase section */

/* Begin PBXSourcesBuildPhase section */
		20E1D38C2AEB71E700D7A5F8 /* Sources */ = {
			isa = PBXSourcesBuildPhase;
			buildActionMask = 2147483647;
			files = (
				20E1D3962AEB71E700D7A5F8 /* ContentView.swift in Sources */,
				20E1D3942AEB71E700D7A5F8 /* Exercise7_Movva_SanjanaApp.swift in Sources */,
			);
			runOnlyForDeploymentPostprocessing = 0;
		};
		20E1D39C2AEB71E900D7A5F8 /* Sources */ = {
			isa = PBXSourcesBuildPhase;
			buildActionMask = 2147483647;
			files = (
				20E1D3A82AEB71E900D7A5F8 /* ContentView.swift in Sources */,
				20E1D3A62AEB71E900D7A5F8 /* Exercise7_Movva_SanjanaApp.swift in Sources */,
			);
			runOnlyForDeploymentPostprocessing = 0;
		};
/* End PBXSourcesBuildPhase section */

/* Begin PBXTargetDependency section */
		20E1D3A32AEB71E900D7A5F8 /* PBXTargetDependency */ = {
			isa = PBXTargetDependency;
			target = 20E1D39F2AEB71E900D7A5F8 /* Exercise7_Movva_Sanjana Watch App */;
			targetProxy = 20E1D3A22AEB71E900D7A5F8 /* PBXContainerItemProxy */;
		};
/* End PBXTargetDependency section */

/* Begin XCBuildConfiguration section */
		20E1D3AE2AEB71E900D7A5F8 /* Debug */ = {
			isa = XCBuildConfiguration;
			buildSettings = {
				ALWAYS_SEARCH_USER_PATHS = NO;
				ASSETCATALOG_COMPILER_GENERATE_SWIFT_ASSET_SYMBOL_EXTENSIONS = YES;
				CLANG_ANALYZER_NONNULL = YES;
				CLANG_ANALYZER_NUMBER_OBJECT_CONVERSION = YES_AGGRESSIVE;
				CLANG_CXX_LANGUAGE_STANDARD = "gnu++20";
				CLANG_ENABLE_MODULES = YES;
				CLANG_ENABLE_OBJC_ARC = YES;
				CLANG_ENABLE_OBJC_WEAK = YES;
				CLANG_WARN_BLOCK_CAPTURE_AUTORELEASING = YES;
				CLANG_WARN_BOOL_CONVERSION = YES;
				CLANG_WARN_COMMA = YES;
				CLANG_WARN_CONSTANT_CONVERSION = YES;
				CLANG_WARN_DEPRECATED_OBJC_IMPLEMENTATIONS = YES;
				CLANG_WARN_DIRECT_OBJC_ISA_USAGE = YES_ERROR;
				CLANG_WARN_DOCUMENTATION_COMMENTS = YES;
				CLANG_WARN_EMPTY_BODY = YES;
				CLANG_WARN_ENUM_CONVERSION = YES;
				CLANG_WARN_INFINITE_RECURSION = YES;
				CLANG_WARN_INT_CONVERSION = YES;
				CLANG_WARN_NON_LITERAL_NULL_CONVERSION = YES;
				CLANG_WARN_OBJC_IMPLICIT_RETAIN_SELF = YES;
				CLANG_WARN_OBJC_LITERAL_CONVERSION = YES;
				CLANG_WARN_OBJC_ROOT_CLASS = YES_ERROR;
				CLANG_WARN_QUOTED_INCLUDE_IN_FRAMEWORK_HEADER = YES;
				CLANG_WARN_RANGE_LOOP_ANALYSIS = YES;
				CLANG_WARN_STRICT_PROTOTYPES = YES;
				CLANG_WARN_SUSPICIOUS_MOVE = YES;
				CLANG_WARN_UNGUARDED_AVAILABILITY = YES_AGGRESSIVE;
				CLANG_WARN_UNREACHABLE_CODE = YES;
				CLANG_WARN__DUPLICATE_METHOD_MATCH = YES;
				COPY_PHASE_STRIP = NO;
				DEBUG_INFORMATION_FORMAT = dwarf;
				ENABLE_STRICT_OBJC_MSGSEND = YES;
				ENABLE_TESTABILITY = YES;
				ENABLE_USER_SCRIPT_SANDBOXING = YES;
				GCC_C_LANGUAGE_STANDARD = gnu17;
				GCC_DYNAMIC_NO_PIC = NO;
				GCC_NO_COMMON_BLOCKS = YES;
				GCC_OPTIMIZATION_LEVEL = 0;
				GCC_PREPROCESSOR_DEFINITIONS = (
					"DEBUG=1",
					"$(inherited)",
				);
				GCC_WARN_64_TO_32_BIT_CONVERSION = YES;
				GCC_WARN_ABOUT_RETURN_TYPE = YES_ERROR;
				GCC_WARN_UNDECLARED_SELECTOR = YES;
				GCC_WARN_UNINITIALIZED_AUTOS = YES_AGGRESSIVE;
				GCC_WARN_UNUSED_FUNCTION = YES;
				GCC_WARN_UNUSED_VARIABLE = YES;
				LOCALIZATION_PREFERS_STRING_CATALOGS = YES;
				MTL_ENABLE_DEBUG_INFO = INCLUDE_SOURCE;
				MTL_FAST_MATH = YES;
				ONLY_ACTIVE_ARCH = YES;
				SWIFT_ACTIVE_COMPILATION_CONDITIONS = "DEBUG $(inherited)";
				SWIFT_OPTIMIZATION_LEVEL = "-Onone";
			};
			name = Debug;
		};
		20E1D3AF2AEB71E900D7A5F8 /* Release */ = {
			isa = XCBuildConfiguration;
			buildSettings = {
				ALWAYS_SEARCH_USER_PATHS = NO;
				ASSETCATALOG_COMPILER_GENERATE_SWIFT_ASSET_SYMBOL_EXTENSIONS = YES;
				CLANG_ANALYZER_NONNULL = YES;
				CLANG_ANALYZER_NUMBER_OBJECT_CONVERSION = YES_AGGRESSIVE;
				CLANG_CXX_LANGUAGE_STANDARD = "gnu++20";
				CLANG_ENABLE_MODULES = YES;
				CLANG_ENABLE_OBJC_ARC = YES;
				CLANG_ENABLE_OBJC_WEAK = YES;
				CLANG_WARN_BLOCK_CAPTURE_AUTORELEASING = YES;
				CLANG_WARN_BOOL_CONVERSION = YES;
				CLANG_WARN_COMMA = YES;
				CLANG_WARN_CONSTANT_CONVERSION = YES;
				CLANG_WARN_DEPRECATED_OBJC_IMPLEMENTATIONS = YES;
				CLANG_WARN_DIRECT_OBJC_ISA_USAGE = YES_ERROR;
				CLANG_WARN_DOCUMENTATION_COMMENTS = YES;
				CLANG_WARN_EMPTY_BODY = YES;
				CLANG_WARN_ENUM_CONVERSION = YES;
				CLANG_WARN_INFINITE_RECURSION = YES;
				CLANG_WARN_INT_CONVERSION = YES;
				CLANG_WARN_NON_LITERAL_NULL_CONVERSION = YES;
				CLANG_WARN_OBJC_IMPLICIT_RETAIN_SELF = YES;
				CLANG_WARN_OBJC_LITERAL_CONVERSION = YES;
				CLANG_WARN_OBJC_ROOT_CLASS = YES_ERROR;
				CLANG_WARN_QUOTED_INCLUDE_IN_FRAMEWORK_HEADER = YES;
				CLANG_WARN_RANGE_LOOP_ANALYSIS = YES;
				CLANG_WARN_STRICT_PROTOTYPES = YES;
				CLANG_WARN_SUSPICIOUS_MOVE = YES;
				CLANG_WARN_UNGUARDED_AVAILABILITY = YES_AGGRESSIVE;
				CLANG_WARN_UNREACHABLE_CODE = YES;
				CLANG_WARN__DUPLICATE_METHOD_MATCH = YES;
				COPY_PHASE_STRIP = NO;
				DEBUG_INFORMATION_FORMAT = "dwarf-with-dsym";
				ENABLE_NS_ASSERTIONS = NO;
				ENABLE_STRICT_OBJC_MSGSEND = YES;
				ENABLE_USER_SCRIPT_SANDBOXING = YES;
				GCC_C_LANGUAGE_STANDARD = gnu17;
				GCC_NO_COMMON_BLOCKS = YES;
				GCC_WARN_64_TO_32_BIT_CONVERSION = YES;
				GCC_WARN_ABOUT_RETURN_TYPE = YES_ERROR;
				GCC_WARN_UNDECLARED_SELECTOR = YES;
				GCC_WARN_UNINITIALIZED_AUTOS = YES_AGGRESSIVE;
				GCC_WARN_UNUSED_FUNCTION = YES;
				GCC_WARN_UNUSED_VARIABLE = YES;
				LOCALIZATION_PREFERS_STRING_CATALOGS = YES;
				MTL_ENABLE_DEBUG_INFO = NO;
				MTL_FAST_MATH = YES;
				SWIFT_COMPILATION_MODE = wholemodule;
			};
			name = Release;
		};
		20E1D3B12AEB71E900D7A5F8 /* Debug */ = {
			isa = XCBuildConfiguration;
			buildSettings = {
				ASSETCATALOG_COMPILER_APPICON_NAME = AppIcon;
				ASSETCATALOG_COMPILER_GLOBAL_ACCENT_COLOR_NAME = AccentColor;
				CODE_SIGN_STYLE = Automatic;
				CURRENT_PROJECT_VERSION = 1;
				DEVELOPMENT_ASSET_PATHS = "\"Exercise7_Movva_Sanjana Watch App/Preview Content\"";
				ENABLE_PREVIEWS = YES;
				GENERATE_INFOPLIST_FILE = YES;
				INFOPLIST_KEY_CFBundleDisplayName = Exercise7_Movva_Sanjana;
				INFOPLIST_KEY_UISupportedInterfaceOrientations = "UIInterfaceOrientationPortrait UIInterfaceOrientationPortraitUpsideDown";
				INFOPLIST_KEY_WKCompanionAppBundleIdentifier = "ubi.Exercise7-Movva-Sanjana";
				LD_RUNPATH_SEARCH_PATHS = (
					"$(inherited)",
					"@executable_path/Frameworks",
				);
				MARKETING_VERSION = 1.0;
				PRODUCT_BUNDLE_IDENTIFIER = "ubi.Exercise7-Movva-Sanjana.watchkitapp";
				PRODUCT_NAME = "$(TARGET_NAME)";
				SDKROOT = watchos;
				SKIP_INSTALL = YES;
				SWIFT_EMIT_LOC_STRINGS = YES;
				SWIFT_VERSION = 5.0;
				TARGETED_DEVICE_FAMILY = 4;
				WATCHOS_DEPLOYMENT_TARGET = 10.0;
			};
			name = Debug;
		};
		20E1D3B22AEB71E900D7A5F8 /* Release */ = {
			isa = XCBuildConfiguration;
			buildSettings = {
				ASSETCATALOG_COMPILER_APPICON_NAME = AppIcon;
				ASSETCATALOG_COMPILER_GLOBAL_ACCENT_COLOR_NAME = AccentColor;
				CODE_SIGN_STYLE = Automatic;
				CURRENT_PROJECT_VERSION = 1;
				DEVELOPMENT_ASSET_PATHS = "\"Exercise7_Movva_Sanjana Watch App/Preview Content\"";
				ENABLE_PREVIEWS = YES;
				GENERATE_INFOPLIST_FILE = YES;
				INFOPLIST_KEY_CFBundleDisplayName = Exercise7_Movva_Sanjana;
				INFOPLIST_KEY_UISupportedInterfaceOrientations = "UIInterfaceOrientationPortrait UIInterfaceOrientationPortraitUpsideDown";
				INFOPLIST_KEY_WKCompanionAppBundleIdentifier = "ubi.Exercise7-Movva-Sanjana";
				LD_RUNPATH_SEARCH_PATHS = (
					"$(inherited)",
					"@executable_path/Frameworks",
				);
				MARKETING_VERSION = 1.0;
				PRODUCT_BUNDLE_IDENTIFIER = "ubi.Exercise7-Movva-Sanjana.watchkitapp";
				PRODUCT_NAME = "$(TARGET_NAME)";
				SDKROOT = watchos;
				SKIP_INSTALL = YES;
				SWIFT_EMIT_LOC_STRINGS = YES;
				SWIFT_VERSION = 5.0;
				TARGETED_DEVICE_FAMILY = 4;
				VALIDATE_PRODUCT = YES;
				WATCHOS_DEPLOYMENT_TARGET = 10.0;
			};
			name = Release;
		};
		20E1D3B52AEB71E900D7A5F8 /* Debug */ = {
			isa = XCBuildConfiguration;
			buildSettings = {
				ALWAYS_EMBED_SWIFT_STANDARD_LIBRARIES = YES;
				ASSETCATALOG_COMPILER_APPICON_NAME = AppIcon;
				ASSETCATALOG_COMPILER_GLOBAL_ACCENT_COLOR_NAME = AccentColor;
				CODE_SIGN_STYLE = Automatic;
				CURRENT_PROJECT_VERSION = 1;
				DEVELOPMENT_ASSET_PATHS = "\"Exercise7_Movva_Sanjana/Preview Content\"";
				ENABLE_PREVIEWS = YES;
				GENERATE_INFOPLIST_FILE = YES;
				INFOPLIST_KEY_CFBundleDisplayName = Exercise7_Movva_Sanjana;
				INFOPLIST_KEY_UIApplicationSceneManifest_Generation = YES;
				INFOPLIST_KEY_UIApplicationSupportsIndirectInputEvents = YES;
				INFOPLIST_KEY_UILaunchScreen_Generation = YES;
				INFOPLIST_KEY_UISupportedInterfaceOrientations_iPad = "UIInterfaceOrientationPortrait UIInterfaceOrientationPortraitUpsideDown UIInterfaceOrientationLandscapeLeft UIInterfaceOrientationLandscapeRight";
				INFOPLIST_KEY_UISupportedInterfaceOrientations_iPhone = "UIInterfaceOrientationPortrait UIInterfaceOrientationLandscapeLeft UIInterfaceOrientationLandscapeRight";
				IPHONEOS_DEPLOYMENT_TARGET = 17.0;
				LD_RUNPATH_SEARCH_PATHS = (
					"$(inherited)",
					"@executable_path/Frameworks",
				);
				MARKETING_VERSION = 1.0;
				PRODUCT_BUNDLE_IDENTIFIER = "ubi.Exercise7-Movva-Sanjana";
				PRODUCT_NAME = "$(TARGET_NAME)";
				SDKROOT = iphoneos;
				SWIFT_EMIT_LOC_STRINGS = YES;
				SWIFT_VERSION = 5.0;
				TARGETED_DEVICE_FAMILY = "1,2";
			};
			name = Debug;
		};
		20E1D3B62AEB71E900D7A5F8 /* Release */ = {
			isa = XCBuildConfiguration;
			buildSettings = {
				ALWAYS_EMBED_SWIFT_STANDARD_LIBRARIES = YES;
				ASSETCATALOG_COMPILER_APPICON_NAME = AppIcon;
				ASSETCATALOG_COMPILER_GLOBAL_ACCENT_COLOR_NAME = AccentColor;
				CODE_SIGN_STYLE = Automatic;
				CURRENT_PROJECT_VERSION = 1;
				DEVELOPMENT_ASSET_PATHS = "\"Exercise7_Movva_Sanjana/Preview Content\"";
				ENABLE_PREVIEWS = YES;
				GENERATE_INFOPLIST_FILE = YES;
				INFOPLIST_KEY_CFBundleDisplayName = Exercise7_Movva_Sanjana;
				INFOPLIST_KEY_UIApplicationSceneManifest_Generation = YES;
				INFOPLIST_KEY_UIApplicationSupportsIndirectInputEvents = YES;
				INFOPLIST_KEY_UILaunchScreen_Generation = YES;
				INFOPLIST_KEY_UISupportedInterfaceOrientations_iPad = "UIInterfaceOrientationPortrait UIInterfaceOrientationPortraitUpsideDown UIInterfaceOrientationLandscapeLeft UIInterfaceOrientationLandscapeRight";
				INFOPLIST_KEY_UISupportedInterfaceOrientations_iPhone = "UIInterfaceOrientationPortrait UIInterfaceOrientationLandscapeLeft UIInterfaceOrientationLandscapeRight";
				IPHONEOS_DEPLOYMENT_TARGET = 17.0;
				LD_RUNPATH_SEARCH_PATHS = (
					"$(inherited)",
					"@executable_path/Frameworks",
				);
				MARKETING_VERSION = 1.0;
				PRODUCT_BUNDLE_IDENTIFIER = "ubi.Exercise7-Movva-Sanjana";
				PRODUCT_NAME = "$(TARGET_NAME)";
				SDKROOT = iphoneos;
				SWIFT_EMIT_LOC_STRINGS = YES;
				SWIFT_VERSION = 5.0;
				TARGETED_DEVICE_FAMILY = "1,2";
				VALIDATE_PRODUCT = YES;
			};
			name = Release;
		};
/* End XCBuildConfiguration section */

/* Begin XCConfigurationList section */
		20E1D38B2AEB71E700D7A5F8 /* Build configuration list for PBXProject "Exercise7_Movva_Sanjana" */ = {
			isa = XCConfigurationList;
			buildConfigurations = (
				20E1D3AE2AEB71E900D7A5F8 /* Debug */,
				20E1D3AF2AEB71E900D7A5F8 /* Release */,
			);
			defaultConfigurationIsVisible = 0;
			defaultConfigurationName = Release;
		};
		20E1D3B02AEB71E900D7A5F8 /* Build configuration list for PBXNativeTarget "Exercise7_Movva_Sanjana Watch App" */ = {
			isa = XCConfigurationList;
			buildConfigurations = (
				20E1D3B12AEB71E900D7A5F8 /* Debug */,
				20E1D3B22AEB71E900D7A5F8 /* Release */,
			);
			defaultConfigurationIsVisible = 0;
			defaultConfigurationName = Release;
		};
		20E1D3B42AEB71E900D7A5F8 /* Build configuration list for PBXNativeTarget "Exercise7_Movva_Sanjana" */ = {
			isa = XCConfigurationList;
			buildConfigurations = (
				20E1D3B52AEB71E900D7A5F8 /* Debug */,
				20E1D3B62AEB71E900D7A5F8 /* Release */,
			);
			defaultConfigurationIsVisible = 0;
			defaultConfigurationName = Release;
		};
/* End XCConfigurationList section */
	};
	rootObject = 20E1D3882AEB71E700D7A5F8 /* Project object */;
}
